
Microsoft Visual Studio Solution File, Format Version 12.00
# Visual Studio Version 17
VisualStudioVersion = 17.9.34728.123
MinimumVisualStudioVersion = 10.0.40219.1
Project("{9A19103F-16F7-4668-BE54-9A1E7A4F7556}") = "WindowsLockSecurity", "WindowsLockSecurity\WindowsLockSecurity.csproj", "{7D4012B9-9F04-49A5-A51C-92B4026954FD}"
EndProject
Project("{FAE04EC0-301F-11D3-BF4B-00C04F79EFBC}") = "WindowsLockSecurity.Settings", "WindowsLockSecurity.Settings\WindowsLockSecurity.Settings.csproj", "{1C6BDCB3-3E15-47B5-B22D-7EFE82BE2006}"
EndProject
Global
	GlobalSection(SolutionConfigurationPlatforms) = preSolution
		Debug|Any CPU = Debug|Any CPU
		Release|Any CPU = Release|Any CPU
	EndGlobalSection
	GlobalSection(ProjectConfigurationPlatforms) = postSolution
		{7D4012B9-9F04-49A5-A51C-92B4026954FD}.Debug|Any CPU.ActiveCfg = Debug|Any CPU
		{7D4012B9-9F04-49A5-A51C-92B4026954FD}.Debug|Any CPU.Build.0 = Debug|Any CPU
		{7D4012B9-9F04-49A5-A51C-92B4026954FD}.Release|Any CPU.ActiveCfg = Release|Any CPU
		{7D4012B9-9F04-49A5-A51C-92B4026954FD}.Release|Any CPU.Build.0 = Release|Any CPU
		{1C6BDCB3-3E15-47B5-B22D-7EFE82BE2006}.Debug|Any CPU.ActiveCfg = Debug|Any CPU
		{1C6BDCB3-3E15-47B5-B22D-7EFE82BE2006}.Debug|Any CPU.Build.0 = Debug|Any CPU
		{1C6BDCB3-3E15-47B5-B22D-7EFE82BE2006}.Release|Any CPU.ActiveCfg = Release|Any CPU
		{1C6BDCB3-3E15-47B5-B22D-7EFE82BE2006}.Release|Any CPU.Build.0 = Release|Any CPU
	EndGlobalSection
	GlobalSection(SolutionProperties) = preSolution
		HideSolutionNode = FALSE
	EndGlobalSection
	GlobalSection(ExtensibilityGlobals) = postSolution
		SolutionGuid = {1429F9DB-685B-423C-A618-468C7BDF4E3D}
	EndGlobalSection
EndGlobal
